{
  "name": "sisyphus",
  "version": "0.0.1",
  "lockfileVersion": 1,
  "requires": true,
  "dependencies": {
    "rollup": {
      "version": "0.51.1",
      "resolved": "https://registry.npmjs.org/rollup/-/rollup-0.51.1.tgz",
      "integrity": "sha512-XW+ITD31w/Y8AlC2F5A+6wIBc+aIDUfY2z4eAkJRIq78l+dchU9zlfJ51WWuVxTNR08q4g8AUAw7M3s2vWxEmg==",
      "dev": true
    }
  }
}
